// !$*UTF8*$!
{
	archiveVersion = 1;
	classes = {
	};
	objectVersion = 50;
	objects = {

/* Begin PBXBuildFile section */
		56464CBD20F1FABA00C51E9F /* AppDelegate.swift in Sources */ = {isa = PBXBuildFile; fileRef = 56464CBC20F1FABA00C51E9F /* AppDelegate.swift */; };
		56464CBF20F1FABA00C51E9F /* ViewController.swift in Sources */ = {isa = PBXBuildFile; fileRef = 56464CBE20F1FABA00C51E9F /* ViewController.swift */; };
		56464CC220F1FABA00C51E9F /* Main.storyboard in Resources */ = {isa = PBXBuildFile; fileRef = 56464CC020F1FABA00C51E9F /* Main.storyboard */; };
		56464CC420F1FABA00C51E9F /* Assets.xcassets in Resources */ = {isa = PBXBuildFile; fileRef = 56464CC320F1FABA00C51E9F /* Assets.xcassets */; };
		56464CC720F1FABA00C51E9F /* LaunchScreen.storyboard in Resources */ = {isa = PBXBuildFile; fileRef = 56464CC520F1FABA00C51E9F /* LaunchScreen.storyboard */; };
		56464CCF20F1FBBD00C51E9F /* GameView.swift in Sources */ = {isa = PBXBuildFile; fileRef = 56464CCE20F1FBBC00C51E9F /* GameView.swift */; };
		56AD587620F3275D00177116 /* Vector2.swift in Sources */ = {isa = PBXBuildFile; fileRef = 56AD587520F3275D00177116 /* Vector2.swift */; };
/* End PBXBuildFile section */

/* Begin PBXFileReference section */
		56464CB920F1FABA00C51E9F /* BallBreak.app */ = {isa = PBXFileReference; explicitFileType = wrapper.application; includeInIndex = 0; path = BallBreak.app; sourceTree = BUILT_PRODUCTS_DIR; };
		56464CBC20F1FABA00C51E9F /* AppDelegate.swift */ = {isa = PBXFileReference; lastKnownFileType = sourcecode.swift; path = AppDelegate.swift; sourceTree = "<group>"; };
		56464CBE20F1FABA00C51E9F /* ViewController.swift */ = {isa = PBXFileReference; lastKnownFileType = sourcecode.swift; path = ViewController.swift; sourceTree = "<group>"; };
		56464CC120F1FABA00C51E9F /* Base */ = {isa = PBXFileReference; lastKnownFileType = file.storyboard; name = Base; path = Base.lproj/Main.storyboard; sourceTree = "<group>"; };
		56464CC320F1FABA00C51E9F /* Assets.xcassets */ = {isa = PBXFileReference; lastKnownFileType = folder.assetcatalog; path = Assets.xcassets; sourceTree = "<group>"; };
		56464CC620F1FABA00C51E9F /* Base */ = {isa = PBXFileReference; lastKnownFileType = file.storyboard; name = Base; path = Base.lproj/LaunchScreen.storyboard; sourceTree = "<group>"; };
		56464CC820F1FABA00C51E9F /* Info.plist */ = {isa = PBXFileReference; lastKnownFileType = text.plist.xml; path = Info.plist; sourceTree = "<group>"; };
		56464CCE20F1FBBC00C51E9F /* GameView.swift */ = {isa = PBXFileReference; lastKnownFileType = sourcecode.swift; path = GameView.swift; sourceTree = "<group>"; };
		56AD587520F3275D00177116 /* Vector2.swift */ = {isa = PBXFileReference; lastKnownFileType = sourcecode.swift; path = Vector2.swift; sourceTree = "<group>"; };
/* End PBXFileReference section */

/* Begin PBXFrameworksBuildPhase section */
		56464CB620F1FABA00C51E9F /* Frameworks */ = {
			isa = PBXFrameworksBuildPhase;
			buildActionMask = 2147483647;
			files = (
			);
			runOnlyForDeploymentPostprocessing = 0;
		};
/* End PBXFrameworksBuildPhase section */

/* Begin PBXGroup section */
		56464CB020F1FABA00C51E9F = {
			isa = PBXGroup;
			children = (
				56464CBB20F1FABA00C51E9F /* BallBreak */,
				56464CBA20F1FABA00C51E9F /* Products */,
			);
			sourceTree = "<group>";
		};
		56464CBA20F1FABA00C51E9F /* Products */ = {
			isa = PBXGroup;
			children = (
				56464CB920F1FABA00C51E9F /* BallBreak.app */,
			);
			name = Products;
			sourceTree = "<group>";
		};
		56464CBB20F1FABA00C51E9F /* BallBreak */ = {
			isa = PBXGroup;
			children = (
				56464CC820F1FABA00C51E9F /* Info.plist */,
				56464CC320F1FABA00C51E9F /* Assets.xcassets */,
				56464CC520F1FABA00C51E9F /* LaunchScreen.storyboard */,
				56464CC020F1FABA00C51E9F /* Main.storyboard */,
				56464CBC20F1FABA00C51E9F /* AppDelegate.swift */,
				56464CBE20F1FABA00C51E9F /* ViewController.swift */,
				56464CCE20F1FBBC00C51E9F /* GameView.swift */,
				56AD587520F3275D00177116 /* Vector2.swift */,
			);
			path = BallBreak;
			sourceTree = "<group>";
		};
/* End PBXGroup section */

/* Begin PBXNativeTarget section */
		56464CB820F1FABA00C51E9F /* BallBreak */ = {
			isa = PBXNativeTarget;
			buildConfigurationList = 56464CCB20F1FABA00C51E9F /* Build configuration list for PBXNativeTarget "BallBreak" */;
			buildPhases = (
				56464CB520F1FABA00C51E9F /* Sources */,
				56464CB620F1FABA00C51E9F /* Frameworks */,
				56464CB720F1FABA00C51E9F /* Resources */,
			);
			buildRules = (
			);
			dependencies = (
			);
			name = BallBreak;
			productName = BallBreak;
			productReference = 56464CB920F1FABA00C51E9F /* BallBreak.app */;
			productType = "com.apple.product-type.application";
		};
/* End PBXNativeTarget section */

/* Begin PBXProject section */
		56464CB120F1FABA00C51E9F /* Project object */ = {
			isa = PBXProject;
			attributes = {
				LastSwiftUpdateCheck = 0930;
				LastUpgradeCheck = 0930;
				ORGANIZATIONNAME = "Georg Sieber";
				TargetAttributes = {
					56464CB820F1FABA00C51E9F = {
						CreatedOnToolsVersion = 9.3;
						LastSwiftMigration = 1100;
					};
				};
			};
			buildConfigurationList = 56464CB420F1FABA00C51E9F /* Build configuration list for PBXProject "BallBreak" */;
			compatibilityVersion = "Xcode 9.3";
			developmentRegion = en;
			hasScannedForEncodings = 0;
			knownRegions = (
				en,
				Base,
			);
			mainGroup = 56464CB020F1FABA00C51E9F;
			productRefGroup = 56464CBA20F1FABA00C51E9F /* Products */;
			projectDirPath = "";
			projectRoot = "";
			targets = (
				56464CB820F1FABA00C51E9F /* BallBreak */,
			);
		};
/* End PBXProject section */

/* Begin PBXResourcesBuildPhase section */
		56464CB720F1FABA00C51E9F /* Resources */ = {
			isa = PBXResourcesBuildPhase;
			buildActionMask = 2147483647;
			files = (
				56464CC720F1FABA00C51E9F /* LaunchScreen.storyboard in Resources */,
				56464CC420F1FABA00C51E9F /* Assets.xcassets in Resources */,
				56464CC220F1FABA00C51E9F /* Main.storyboard in Resources */,
			);
			runOnlyForDeploymentPostprocessing = 0;
		};
/* End PBXResourcesBuildPhase section */

/* Begin PBXSourcesBuildPhase section */
		56464CB520F1FABA00C51E9F /* Sources */ = {
			isa = PBXSourcesBuildPhase;
			buildActionMask = 2147483647;
			files = (
				56464CBF20F1FABA00C51E9F /* ViewController.swift in Sources */,
				56AD587620F3275D00177116 /* Vector2.swift in Sources */,
				56464CCF20F1FBBD00C51E9F /* GameView.swift in Sources */,
				56464CBD20F1FABA00C51E9F /* AppDelegate.swift in Sources */,
			);
			runOnlyForDeploymentPostprocessing = 0;
		};
/* End PBXSourcesBuildPhase section */

/* Begin PBXVariantGroup section */
		56464CC020F1FABA00C51E9F /* Main.storyboard */ = {
			isa = PBXVariantGroup;
			children = (
				56464CC120F1FABA00C51E9F /* Base */,
			);
			name = Main.storyboard;
			sourceTree = "<group>";
		};
		56464CC520F1FABA00C51E9F /* LaunchScreen.storyboard */ = {
			isa = PBXVariantGroup;
			children = (
				56464CC620F1FABA00C51E9F /* Base */,
			);
			name = LaunchScreen.storyboard;
			sourceTree = "<group>";
		};
/* End PBXVariantGroup section */

/* Begin XCBuildConfiguration section */
		56464CC920F1FABA00C51E9F /* Debug */ = {
			isa = XCBuildConfiguration;
			buildSettings = {
				ALWAYS_SEARCH_USER_PATHS = NO;
				CLANG_ANALYZER_NONNULL = YES;
				CLANG_ANALYZER_NUMBER_OBJECT_CONVERSION = YES_AGGRESSIVE;
				CLANG_CXX_LANGUAGE_STANDARD = "gnu++14";
				CLANG_CXX_LIBRARY = "libc++";
				CLANG_ENABLE_MODULES = YES;
				CLANG_ENABLE_OBJC_ARC = YES;
				CLANG_ENABLE_OBJC_WEAK = YES;
				CLANG_WARN_BLOCK_CAPTURE_AUTORELEASING = YES;
				CLANG_WARN_BOOL_CONVERSION = YES;
				CLANG_WARN_COMMA = YES;
				CLANG_WARN_CONSTANT_CONVERSION = YES;
				CLANG_WARN_DEPRECATED_OBJC_IMPLEMENTATIONS = YES;
				CLANG_WARN_DIRECT_OBJC_ISA_USAGE = YES_ERROR;
				CLANG_WARN_DOCUMENTATION_COMMENTS = YES;
				CLANG_WARN_EMPTY_BODY = YES;
				CLANG_WARN_ENUM_CONVERSION = YES;
				CLANG_WARN_INFINITE_RECURSION = YES;
				CLANG_WARN_INT_CONVERSION = YES;
				CLANG_WARN_NON_LITERAL_NULL_CONVERSION = YES;
				CLANG_WARN_OBJC_IMPLICIT_RETAIN_SELF = YES;
				CLANG_WARN_OBJC_LITERAL_CONVERSION = YES;
				CLANG_WARN_OBJC_ROOT_CLASS = YES_ERROR;
				CLANG_WARN_RANGE_LOOP_ANALYSIS = YES;
				CLANG_WARN_STRICT_PROTOTYPES = YES;
				CLANG_WARN_SUSPICIOUS_MOVE = YES;
				CLANG_WARN_UNGUARDED_AVAILABILITY = YES_AGGRESSIVE;
				CLANG_WARN_UNREACHABLE_CODE = YES;
				CLANG_WARN__DUPLICATE_METHOD_MATCH = YES;
				CODE_SIGN_IDENTITY = "iPhone Developer";
				COPY_PHASE_STRIP = NO;
				DEBUG_INFORMATION_FORMAT = dwarf;
				ENABLE_STRICT_OBJC_MSGSEND = YES;
				ENABLE_TESTABILITY = YES;
				GCC_C_LANGUAGE_STANDARD = gnu11;
				GCC_DYNAMIC_NO_PIC = NO;
				GCC_NO_COMMON_BLOCKS = YES;
				GCC_OPTIMIZATION_LEVEL = 0;
				GCC_PREPROCESSOR_DEFINITIONS = (
					"DEBUG=1",
					"$(inherited)",
				);
				GCC_WARN_64_TO_32_BIT_CONVERSION = YES;
				GCC_WARN_ABOUT_RETURN_TYPE = YES_ERROR;
				GCC_WARN_UNDECLARED_SELECTOR = YES;
				GCC_WARN_UNINITIALIZED_AUTOS = YES_AGGRESSIVE;
				GCC_WARN_UNUSED_FUNCTION = YES;
				GCC_WARN_UNUSED_VARIABLE = YES;
				IPHONEOS_DEPLOYMENT_TARGET = 11.3;
				MTL_ENABLE_DEBUG_INFO = YES;
				ONLY_ACTIVE_ARCH = YES;
				SDKROOT = iphoneos;
				SWIFT_ACTIVE_COMPILATION_CONDITIONS = DEBUG;
				SWIFT_OPTIMIZATION_LEVEL = "-Onone";
			};
			name = Debug;
		};
		56464CCA20F1FABA00C51E9F /* Release */ = {
			isa = XCBuildConfiguration;
			buildSettings = {
				ALWAYS_SEARCH_USER_PATHS = NO;
				CLANG_ANALYZER_NONNULL = YES;
				CLANG_ANALYZER_NUMBER_OBJECT_CONVERSION = YES_AGGRESSIVE;
				CLANG_CXX_LANGUAGE_STANDARD = "gnu++14";
				CLANG_CXX_LIBRARY = "libc++";
				CLANG_ENABLE_MODULES = YES;
				CLANG_ENABLE_OBJC_ARC = YES;
				CLANG_ENABLE_OBJC_WEAK = YES;
				CLANG_WARN_BLOCK_CAPTURE_AUTORELEASING = YES;
				CLANG_WARN_BOOL_CONVERSION = YES;
				CLANG_WARN_COMMA = YES;
				CLANG_WARN_CONSTANT_CONVERSION = YES;
				CLANG_WARN_DEPRECATED_OBJC_IMPLEMENTATIONS = YES;
				CLANG_WARN_DIRECT_OBJC_ISA_USAGE = YES_ERROR;
				CLANG_WARN_DOCUMENTATION_COMMENTS = YES;
				CLANG_WARN_EMPTY_BODY = YES;
				CLANG_WARN_ENUM_CONVERSION = YES;
				CLANG_WARN_INFINITE_RECURSION = YES;
				CLANG_WARN_INT_CONVERSION = YES;
				CLANG_WARN_NON_LITERAL_NULL_CONVERSION = YES;
				CLANG_WARN_OBJC_IMPLICIT_RETAIN_SELF = YES;
				CLANG_WARN_OBJC_LITERAL_CONVERSION = YES;
				CLANG_WARN_OBJC_ROOT_CLASS = YES_ERROR;
				CLANG_WARN_RANGE_LOOP_ANALYSIS = YES;
				CLANG_WARN_STRICT_PROTOTYPES = YES;
				CLANG_WARN_SUSPICIOUS_MOVE = YES;
				CLANG_WARN_UNGUARDED_AVAILABILITY = YES_AGGRESSIVE;
				CLANG_WARN_UNREACHABLE_CODE = YES;
				CLANG_WARN__DUPLICATE_METHOD_MATCH = YES;
				CODE_SIGN_IDENTITY = "iPhone Developer";
				COPY_PHASE_STRIP = NO;
				DEBUG_INFORMATION_FORMAT = "dwarf-with-dsym";
				ENABLE_NS_ASSERTIONS = NO;
				ENABLE_STRICT_OBJC_MSGSEND = YES;
				GCC_C_LANGUAGE_STANDARD = gnu11;
				GCC_NO_COMMON_BLOCKS = YES;
				GCC_WARN_64_TO_32_BIT_CONVERSION = YES;
				GCC_WARN_ABOUT_RETURN_TYPE = YES_ERROR;
				GCC_WARN_UNDECLARED_SELECTOR = YES;
				GCC_WARN_UNINITIALIZED_AUTOS = YES_AGGRESSIVE;
				GCC_WARN_UNUSED_FUNCTION = YES;
				GCC_WARN_UNUSED_VARIABLE = YES;
				IPHONEOS_DEPLOYMENT_TARGET = 11.3;
				MTL_ENABLE_DEBUG_INFO = NO;
				SDKROOT = iphoneos;
				SWIFT_COMPILATION_MODE = wholemodule;
				SWIFT_OPTIMIZATION_LEVEL = "-O";
				VALIDATE_PRODUCT = YES;
			};
			name = Release;
		};
		56464CCC20F1FABA00C51E9F /* Debug */ = {
			isa = XCBuildConfiguration;
			buildSettings = {
				ASSETCATALOG_COMPILER_APPICON_NAME = AppIcon;
				CODE_SIGN_STYLE = Automatic;
				CURRENT_PROJECT_VERSION = 10;
				DEVELOPMENT_TEAM = 96G8V7UY3M;
				INFOPLIST_FILE = BallBreak/Info.plist;
				IPHONEOS_DEPLOYMENT_TARGET = 11.0;
				LD_RUNPATH_SEARCH_PATHS = (
					"$(inherited)",
					"@executable_path/Frameworks",
				);
				MARKETING_VERSION = 1.2.4;
				PRODUCT_BUNDLE_IDENTIFIER = systems.sieber.BallBreak;
				PRODUCT_NAME = "$(TARGET_NAME)";
				SWIFT_VERSION = 5.0;
				TARGETED_DEVICE_FAMILY = "1,2";
			};
			name = Debug;
		};
		56464CCD20F1FABA00C51E9F /* Release */ = {
			isa = XCBuildConfiguration;
			buildSettings = {
				ASSETCATALOG_COMPILER_APPICON_NAME = AppIcon;
				CODE_SIGN_STYLE = Automatic;
				CURRENT_PROJECT_VERSION = 10;
				DEVELOPMENT_TEAM = 96G8V7UY3M;
				INFOPLIST_FILE = BallBreak/Info.plist;
				IPHONEOS_DEPLOYMENT_TARGET = 11.0;
				LD_RUNPATH_SEARCH_PATHS = (
					"$(inherited)",
					"@executable_path/Frameworks",
				);
				MARKETING_VERSION = 1.2.4;
				PRODUCT_BUNDLE_IDENTIFIER = systems.sieber.BallBreak;
				PRODUCT_NAME = "$(TARGET_NAME)";
				SWIFT_VERSION = 5.0;
				TARGETED_DEVICE_FAMILY = "1,2";
			};
			name = Release;
		};
/* End XCBuildConfiguration section */

/* Begin XCConfigurationList section */
		56464CB420F1FABA00C51E9F /* Build configuration list for PBXProject "BallBreak" */ = {
			isa = XCConfigurationList;
			buildConfigurations = (
				56464CC920F1FABA00C51E9F /* Debug */,
				56464CCA20F1FABA00C51E9F /* Release */,
			);
			defaultConfigurationIsVisible = 0;
			defaultConfigurationName = Release;
		};
		56464CCB20F1FABA00C51E9F /* Build configuration list for PBXNativeTarget "BallBreak" */ = {
			isa = XCConfigurationList;
			buildConfigurations = (
				56464CCC20F1FABA00C51E9F /* Debug */,
				56464CCD20F1FABA00C51E9F /* Release */,
			);
			defaultConfigurationIsVisible = 0;
			defaultConfigurationName = Release;
		};
/* End XCConfigurationList section */
	};
	rootObject = 56464CB120F1FABA00C51E9F /* Project object */;
}
